
Microsoft Visual Studio Solution File, Format Version 12.00
# Visual Studio Version 17
VisualStudioVersion = 17.3.32922.545
MinimumVisualStudioVersion = 10.0.40219.1
Project("{FAE04EC0-301F-11D3-BF4B-00C04F79EFBC}") = "Webcodepipelinedemo", "Webcodepipelinedemo.csproj", "{4439A9F7-2FD7-45E2-8983-E97989848B84}"
EndProject
Project("{2150E333-8FDC-42A3-9474-1A3956D46DE8}") = "Solution Items", "Solution Items", "{C8B4B09C-81DC-40D0-A023-3970960CA627}"
	ProjectSection(SolutionItems) = preProject
		buildspec.txt = buildspec.txt
		buildspec.yml = buildspec.yml
		index.html = index.html
	EndProjectSection
EndProject
Global
	GlobalSection(SolutionConfigurationPlatforms) = preSolution
		Debug|Any CPU = Debug|Any CPU
		Release|Any CPU = Release|Any CPU
	EndGlobalSection
	GlobalSection(ProjectConfigurationPlatforms) = postSolution
		{4439A9F7-2FD7-45E2-8983-E97989848B84}.Debug|Any CPU.ActiveCfg = Debug|Any CPU
		{4439A9F7-2FD7-45E2-8983-E97989848B84}.Debug|Any CPU.Build.0 = Debug|Any CPU
		{4439A9F7-2FD7-45E2-8983-E97989848B84}.Release|Any CPU.ActiveCfg = Release|Any CPU
		{4439A9F7-2FD7-45E2-8983-E97989848B84}.Release|Any CPU.Build.0 = Release|Any CPU
	EndGlobalSection
	GlobalSection(SolutionProperties) = preSolution
		HideSolutionNode = FALSE
	EndGlobalSection
	GlobalSection(ExtensibilityGlobals) = postSolution
		SolutionGuid = {25757B65-09E7-44A7-950E-E735219389BC}
	EndGlobalSection
EndGlobal
